
Microsoft Visual Studio Solution File, Format Version 12.00
# Visual Studio Version 17
VisualStudioVersion = 17.9.34616.47
MinimumVisualStudioVersion = 10.0.40219.1
Project("{8BC9CEB8-8B4A-11D0-8D11-00A0C91BC942}") = "Pertemuan2", "Pertemuan2\Pertemuan2.vcxproj", "{7BBFBEF7-1578-4151-83FE-64B589F6EEB5}"
EndProject
Project("{8BC9CEB8-8B4A-11D0-8D11-00A0C91BC942}") = "pertemuan cth 2", "pertemuan cth 2\pertemuan cth 2.vcxproj", "{80FD6008-7958-4530-9E47-82852B568EC7}"
EndProject
Project("{8BC9CEB8-8B4A-11D0-8D11-00A0C91BC942}") = "Pertemuan2.2", "Pertemuan2.2\Pertemuan2.2.vcxproj", "{9CA93034-FA97-46D2-8CE7-D6BF5171C6DF}"
EndProject
Project("{8BC9CEB8-8B4A-11D0-8D11-00A0C91BC942}") = "Pertemuan 2.3", "Pertemuan 2.3\Pertemuan 2.3.vcxproj", "{7EA30BBF-5B6A-405B-8D36-0FF27FB115F5}"
EndProject
Global
	GlobalSection(SolutionConfigurationPlatforms) = preSolution
		Debug|x64 = Debug|x64
		Debug|x86 = Debug|x86
		Release|x64 = Release|x64
		Release|x86 = Release|x86
	EndGlobalSection
	GlobalSection(ProjectConfigurationPlatforms) = postSolution
		{7BBFBEF7-1578-4151-83FE-64B589F6EEB5}.Debug|x64.ActiveCfg = Debug|x64
		{7BBFBEF7-1578-4151-83FE-64B589F6EEB5}.Debug|x64.Build.0 = Debug|x64
		{7BBFBEF7-1578-4151-83FE-64B589F6EEB5}.Debug|x86.ActiveCfg = Debug|Win32
		{7BBFBEF7-1578-4151-83FE-64B589F6EEB5}.Debug|x86.Build.0 = Debug|Win32
		{7BBFBEF7-1578-4151-83FE-64B589F6EEB5}.Release|x64.ActiveCfg = Release|x64
		{7BBFBEF7-1578-4151-83FE-64B589F6EEB5}.Release|x64.Build.0 = Release|x64
		{7BBFBEF7-1578-4151-83FE-64B589F6EEB5}.Release|x86.ActiveCfg = Release|Win32
		{7BBFBEF7-1578-4151-83FE-64B589F6EEB5}.Release|x86.Build.0 = Release|Win32
		{80FD6008-7958-4530-9E47-82852B568EC7}.Debug|x64.ActiveCfg = Debug|x64
		{80FD6008-7958-4530-9E47-82852B568EC7}.Debug|x64.Build.0 = Debug|x64
		{80FD6008-7958-4530-9E47-82852B568EC7}.Debug|x86.ActiveCfg = Debug|Win32
		{80FD6008-7958-4530-9E47-82852B568EC7}.Debug|x86.Build.0 = Debug|Win32
		{80FD6008-7958-4530-9E47-82852B568EC7}.Release|x64.ActiveCfg = Release|x64
		{80FD6008-7958-4530-9E47-82852B568EC7}.Release|x64.Build.0 = Release|x64
		{80FD6008-7958-4530-9E47-82852B568EC7}.Release|x86.ActiveCfg = Release|Win32
		{80FD6008-7958-4530-9E47-82852B568EC7}.Release|x86.Build.0 = Release|Win32
		{9CA93034-FA97-46D2-8CE7-D6BF5171C6DF}.Debug|x64.ActiveCfg = Debug|x64
		{9CA93034-FA97-46D2-8CE7-D6BF5171C6DF}.Debug|x64.Build.0 = Debug|x64
		{9CA93034-FA97-46D2-8CE7-D6BF5171C6DF}.Debug|x86.ActiveCfg = Debug|Win32
		{9CA93034-FA97-46D2-8CE7-D6BF5171C6DF}.Debug|x86.Build.0 = Debug|Win32
		{9CA93034-FA97-46D2-8CE7-D6BF5171C6DF}.Release|x64.ActiveCfg = Release|x64
		{9CA93034-FA97-46D2-8CE7-D6BF5171C6DF}.Release|x64.Build.0 = Release|x64
		{9CA93034-FA97-46D2-8CE7-D6BF5171C6DF}.Release|x86.ActiveCfg = Release|Win32
		{9CA93034-FA97-46D2-8CE7-D6BF5171C6DF}.Release|x86.Build.0 = Release|Win32
		{7EA30BBF-5B6A-405B-8D36-0FF27FB115F5}.Debug|x64.ActiveCfg = Debug|x64
		{7EA30BBF-5B6A-405B-8D36-0FF27FB115F5}.Debug|x64.Build.0 = Debug|x64
		{7EA30BBF-5B6A-405B-8D36-0FF27FB115F5}.Debug|x86.ActiveCfg = Debug|Win32
		{7EA30BBF-5B6A-405B-8D36-0FF27FB115F5}.Debug|x86.Build.0 = Debug|Win32
		{7EA30BBF-5B6A-405B-8D36-0FF27FB115F5}.Release|x64.ActiveCfg = Release|x64
		{7EA30BBF-5B6A-405B-8D36-0FF27FB115F5}.Release|x64.Build.0 = Release|x64
		{7EA30BBF-5B6A-405B-8D36-0FF27FB115F5}.Release|x86.ActiveCfg = Release|Win32
		{7EA30BBF-5B6A-405B-8D36-0FF27FB115F5}.Release|x86.Build.0 = Release|Win32
	EndGlobalSection
	GlobalSection(SolutionProperties) = preSolution
		HideSolutionNode = FALSE
	EndGlobalSection
	GlobalSection(ExtensibilityGlobals) = postSolution
		SolutionGuid = {5E264BC9-9FDD-4580-98D0-A4062995BFD4}
	EndGlobalSection
EndGlobal
